
Microsoft Visual Studio Solution File, Format Version 12.00
# Visual Studio Version 17
VisualStudioVersion = 17.7.34031.279
MinimumVisualStudioVersion = 10.0.40219.1
Project("{FAE04EC0-301F-11D3-BF4B-00C04F79EFBC}") = "SRP", "SRP\SRP.csproj", "{59C670B2-8CC3-4600-AB6B-34F3F6BAB65A}"
EndProject
Project("{FAE04EC0-301F-11D3-BF4B-00C04F79EFBC}") = "OCP", "OCP\OCP.csproj", "{DD10D754-3CB1-4A78-A5D3-C21959964B7B}"
EndProject
Project("{FAE04EC0-301F-11D3-BF4B-00C04F79EFBC}") = "LCP", "LCP\LCP.csproj", "{F4CDCA68-D652-4FE4-91B6-7DD86A877B4C}"
EndProject
Project("{FAE04EC0-301F-11D3-BF4B-00C04F79EFBC}") = "ISP", "ISP\ISP.csproj", "{00896FFE-8F3B-4C31-9722-BC8A892596E7}"
EndProject
Project("{FAE04EC0-301F-11D3-BF4B-00C04F79EFBC}") = "DIP", "DIP\DIP.csproj", "{2161FF06-F1A8-4F62-ABA8-9AEF44BD8BEB}"
EndProject
Global
	GlobalSection(SolutionConfigurationPlatforms) = preSolution
		Debug|Any CPU = Debug|Any CPU
		Release|Any CPU = Release|Any CPU
	EndGlobalSection
	GlobalSection(ProjectConfigurationPlatforms) = postSolution
		{59C670B2-8CC3-4600-AB6B-34F3F6BAB65A}.Debug|Any CPU.ActiveCfg = Debug|Any CPU
		{59C670B2-8CC3-4600-AB6B-34F3F6BAB65A}.Debug|Any CPU.Build.0 = Debug|Any CPU
		{59C670B2-8CC3-4600-AB6B-34F3F6BAB65A}.Release|Any CPU.ActiveCfg = Release|Any CPU
		{59C670B2-8CC3-4600-AB6B-34F3F6BAB65A}.Release|Any CPU.Build.0 = Release|Any CPU
		{DD10D754-3CB1-4A78-A5D3-C21959964B7B}.Debug|Any CPU.ActiveCfg = Debug|Any CPU
		{DD10D754-3CB1-4A78-A5D3-C21959964B7B}.Debug|Any CPU.Build.0 = Debug|Any CPU
		{DD10D754-3CB1-4A78-A5D3-C21959964B7B}.Release|Any CPU.ActiveCfg = Release|Any CPU
		{DD10D754-3CB1-4A78-A5D3-C21959964B7B}.Release|Any CPU.Build.0 = Release|Any CPU
		{F4CDCA68-D652-4FE4-91B6-7DD86A877B4C}.Debug|Any CPU.ActiveCfg = Debug|Any CPU
		{F4CDCA68-D652-4FE4-91B6-7DD86A877B4C}.Debug|Any CPU.Build.0 = Debug|Any CPU
		{F4CDCA68-D652-4FE4-91B6-7DD86A877B4C}.Release|Any CPU.ActiveCfg = Release|Any CPU
		{F4CDCA68-D652-4FE4-91B6-7DD86A877B4C}.Release|Any CPU.Build.0 = Release|Any CPU
		{00896FFE-8F3B-4C31-9722-BC8A892596E7}.Debug|Any CPU.ActiveCfg = Debug|Any CPU
		{00896FFE-8F3B-4C31-9722-BC8A892596E7}.Debug|Any CPU.Build.0 = Debug|Any CPU
		{00896FFE-8F3B-4C31-9722-BC8A892596E7}.Release|Any CPU.ActiveCfg = Release|Any CPU
		{00896FFE-8F3B-4C31-9722-BC8A892596E7}.Release|Any CPU.Build.0 = Release|Any CPU
		{2161FF06-F1A8-4F62-ABA8-9AEF44BD8BEB}.Debug|Any CPU.ActiveCfg = Debug|Any CPU
		{2161FF06-F1A8-4F62-ABA8-9AEF44BD8BEB}.Debug|Any CPU.Build.0 = Debug|Any CPU
		{2161FF06-F1A8-4F62-ABA8-9AEF44BD8BEB}.Release|Any CPU.ActiveCfg = Release|Any CPU
		{2161FF06-F1A8-4F62-ABA8-9AEF44BD8BEB}.Release|Any CPU.Build.0 = Release|Any CPU
	EndGlobalSection
	GlobalSection(SolutionProperties) = preSolution
		HideSolutionNode = FALSE
	EndGlobalSection
	GlobalSection(ExtensibilityGlobals) = postSolution
		SolutionGuid = {83B89C8E-C4B2-4369-9220-DF63DB5332BA}
	EndGlobalSection
EndGlobal
